{
  "name": "scoreboard",
  "version": "1.0.0",
  "lockfileVersion": 2,
  "requires": true,
  "packages": {
    "": {
      "name": "scoreboard",
      "version": "1.0.0",
      "license": "ISC",
      "dependencies": {
        "date-fns": "^2.28.0",
        "dexie": "^3.2.2",
        "dexie-react-hooks": "^1.1.1",
        "react": "^18.2.0",
        "react-dom": "^18.2.0",
        "react-router-dom": "^6.3.0",
        "uuid": "^9.0.0"
      },
      "devDependencies": {
        "@types/react": "^18.0.13",
        "@types/react-dom": "^18.0.5",
        "@types/uuid": "^9.0.0",
        "esbuild": "^0.16.1"
      }
    },
    "node_modules/@esbuild/android-arm": {
      "version": "0.16.1",
      "resolved": "https://registry.npmjs.org/@esbuild/android-arm/-/android-arm-0.16.1.tgz",
      "integrity": "sha512-zkalq3i2M+l812fhSswRM9FSryXEmoz30bfDlPYOl1ij0hBZd+lU3rRUzHSenU8LpsN/SAgX1d/mwq2dvGO3Qw==",
      "cpu": [
        "arm"
      ],
      "dev": true,
      "optional": true,
      "os": [
        "android"
      ],
      "engines": {
        "node": ">=12"
      }
    },
    "node_modules/@esbuild/android-arm64": {
      "version": "0.16.1",
      "resolved": "https://registry.npmjs.org/@esbuild/android-arm64/-/android-arm64-0.16.1.tgz",
      "integrity": "sha512-BHOqlxpx2UNDHvn6Ldu2QftJXYtXmsagaECew1RiY27hd/wqCx+pz5ByQpNRPyqv5S9uODqtk69LkXpmPqSqJA==",
      "cpu": [
        "arm64"
      ],
      "dev": true,
      "optional": true,
      "os": [
        "android"
      ],
      "engines": {
        "node": ">=12"
      }
    },
    "node_modules/@esbuild/android-x64": {
      "version": "0.16.1",
      "resolved": "https://registry.npmjs.org/@esbuild/android-x64/-/android-x64-0.16.1.tgz",
      "integrity": "sha512-/xaEo77WGtykr4+VUHZF78xc/pfmtrfpYb6tJjA5sPCsqynXKdM7Z1E7LoqP7NJZbf5KW8Klm64f9CTIm97R9w==",
      "cpu": [
        "x64"
      ],
      "dev": true,
      "optional": true,
      "os": [
        "android"
      ],
      "engines": {
        "node": ">=12"
      }
    },
    "node_modules/@esbuild/darwin-arm64": {
      "version": "0.16.1",
      "resolved": "https://registry.npmjs.org/@esbuild/darwin-arm64/-/darwin-arm64-0.16.1.tgz",
      "integrity": "sha512-vYWHFDhxF4hmOVs1NkanPtbBb2ZcVAkMJan5iImpaL/FA2SfYIFX8IN/W20e7/2DpDxd7XkrP1i5bQUAsyXjsQ==",
      "cpu": [
        "arm64"
      ],
      "dev": true,
      "optional": true,
      "os": [
        "darwin"
      ],
      "engines": {
        "node": ">=12"
      }
    },
    "node_modules/@esbuild/darwin-x64": {
      "version": "0.16.1",
      "resolved": "https://registry.npmjs.org/@esbuild/darwin-x64/-/darwin-x64-0.16.1.tgz",
      "integrity": "sha512-UFJ8swS3ZiQgT51ll9P3K+WOiYSc3Dw68kbZqXlmF5zwB7p/nx31jilW6ie+UlKIFRw4X0Z1SejwVC6ZpH7PSQ==",
      "cpu": [
        "x64"
      ],
      "dev": true,
      "optional": true,
      "os": [
        "darwin"
      ],
      "engines": {
        "node": ">=12"
      }
    },
    "node_modules/@esbuild/freebsd-arm64": {
      "version": "0.16.1",
      "resolved": "https://registry.npmjs.org/@esbuild/freebsd-arm64/-/freebsd-arm64-0.16.1.tgz",
      "integrity": "sha512-/6kJ0VROu7JYiWMV9EscVHH66HCCDd0Uo3mGjrP6vtscF19f9Prkf3xZJH3AO9OxUOZpfjtZatf9b0OyKVMl6A==",
      "cpu": [
        "arm64"
      ],
      "dev": true,
      "optional": true,
      "os": [
        "freebsd"
      ],
      "engines": {
        "node": ">=12"
      }
    },
    "node_modules/@esbuild/freebsd-x64": {
      "version": "0.16.1",
      "resolved": "https://registry.npmjs.org/@esbuild/freebsd-x64/-/freebsd-x64-0.16.1.tgz",
      "integrity": "sha512-BKYAYhsgD/6/mOeOwMSEcTyL9GlFBNr2LkgWEaugUp/oXCC+ScCH/EqphD3Jp5MsMNIk71b0YqDDveDHXuwcLw==",
      "cpu": [
        "x64"
      ],
      "dev": true,
      "optional": true,
      "os": [
        "freebsd"
      ],
      "engines": {
        "node": ">=12"
      }
    },
    "node_modules/@esbuild/linux-arm": {
      "version": "0.16.1",
      "resolved": "https://registry.npmjs.org/@esbuild/linux-arm/-/linux-arm-0.16.1.tgz",
      "integrity": "sha512-ZKBI/JEIjcG9YbERCDR1qPBVjr47+BKGp32Iz2cf00001yhF8mGPhVJse69jR3Wb1RU78BijVKhHPvZewsvAKA==",
      "cpu": [
        "arm"
      ],
      "dev": true,
      "optional": true,
      "os": [
        "linux"
      ],
      "engines": {
        "node": ">=12"
      }
    },
    "node_modules/@esbuild/linux-arm64": {
      "version": "0.16.1",
      "resolved": "https://registry.npmjs.org/@esbuild/linux-arm64/-/linux-arm64-0.16.1.tgz",
      "integrity": "sha512-3mRaXF3nVjgPcrJOLr3IdidMLolHi3nMO7UQPYX+asKqn3UVnNqD30vlZvg8r1amJ7o5TOHvPXqgHK33ivyMPg==",
      "cpu": [
        "arm64"
      ],
      "dev": true,
      "optional": true,
      "os": [
        "linux"
      ],
      "engines": {
        "node": ">=12"
      }
    },
    "node_modules/@esbuild/linux-ia32": {
      "version": "0.16.1",
      "resolved": "https://registry.npmjs.org/@esbuild/linux-ia32/-/linux-ia32-0.16.1.tgz",
      "integrity": "sha512-rTiIs5ms38XUb5Bn7hbbkR45CS3rz/hC/IfRE8Uccgzo4qRkf3Zd0Re6IUoCP+DvcTzLPz1VLfDO8VyD7UUI0w==",
      "cpu": [
        "ia32"
      ],
      "dev": true,
      "optional": true,
      "os": [
        "linux"
      ],
      "engines": {
        "node": ">=12"
      }
    },
    "node_modules/@esbuild/linux-loong64": {
      "version": "0.16.1",
      "resolved": "https://registry.npmjs.org/@esbuild/linux-loong64/-/linux-loong64-0.16.1.tgz",
      "integrity": "sha512-TgUV9ZpMzo9O48AkwJfgx9HJIMnA9kCopAYmjp2y9TPT6Z7Crxrlp2XVkaZ2mxhvrrzVsHlhwfolcj1scXHfKw==",
      "cpu": [
        "loong64"
      ],
      "dev": true,
      "optional": true,
      "os": [
        "linux"
      ],
      "engines": {
        "node": ">=12"
      }
    },
    "node_modules/@esbuild/linux-mips64el": {
      "version": "0.16.1",
      "resolved": "https://registry.npmjs.org/@esbuild/linux-mips64el/-/linux-mips64el-0.16.1.tgz",
      "integrity": "sha512-TH6aEzbImbo1iUrdhtRdhgynuuiODx+Ju2DaIq+eUIOLj6Hg47NlcM5hQ3bHVKxflPiGIrGi1DTacrEoQOiOTg==",
      "cpu": [
        "mips64el"
      ],
      "dev": true,
      "optional": true,
      "os": [
        "linux"
      ],
      "engines": {
        "node": ">=12"
      }
    },
    "node_modules/@esbuild/linux-ppc64": {
      "version": "0.16.1",
      "resolved": "https://registry.npmjs.org/@esbuild/linux-ppc64/-/linux-ppc64-0.16.1.tgz",
      "integrity": "sha512-//BU2o/gfw6clxJCrU8xa0gxElP18HiAzS/pN1HKzL2ayqz8WinOYEzPOZrqJvkC4u2Qoh5NEiVd98wTr2C9eg==",
      "cpu": [
        "ppc64"
      ],
      "dev": true,
      "optional": true,
      "os": [
        "linux"
      ],
      "engines": {
        "node": ">=12"
      }
    },
    "node_modules/@esbuild/linux-riscv64": {
      "version": "0.16.1",
      "resolved": "https://registry.npmjs.org/@esbuild/linux-riscv64/-/linux-riscv64-0.16.1.tgz",
      "integrity": "sha512-pBrrjLBwmlsMR7iNi+W/q5JtfyzlZ97WUxBztZvsGnWBpnmjjgbdPBlwxYbgQAzqzMAsP45j6CJUpGra3SSFiQ==",
      "cpu": [
        "riscv64"
      ],
      "dev": true,
      "optional": true,
      "os": [
        "linux"
      ],
      "engines": {
        "node": ">=12"
      }
    },
    "node_modules/@esbuild/linux-s390x": {
      "version": "0.16.1",
      "resolved": "https://registry.npmjs.org/@esbuild/linux-s390x/-/linux-s390x-0.16.1.tgz",
      "integrity": "sha512-e4txkDfouCcByJacawPh9M6qmF9TyzJ+Y6Sj4L+Iu7pRBaAldSqI/pQym26XBcawVlmyYhLA51JXVlQdyj3Rlg==",
      "cpu": [
        "s390x"
      ],
      "dev": true,
      "optional": true,
      "os": [
        "linux"
      ],
      "engines": {
        "node": ">=12"
      }
    },
    "node_modules/@esbuild/linux-x64": {
      "version": "0.16.1",
      "resolved": "https://registry.npmjs.org/@esbuild/linux-x64/-/linux-x64-0.16.1.tgz",
      "integrity": "sha512-2kSF6dFTN5HbSgA+htdS69npthoR/FDr8PXc9O6h6RqRN+l7y3u8MlFMu9RSsOOD11FigiBJnzUYcl3QRT9eSA==",
      "cpu": [
        "x64"
      ],
      "dev": true,
      "optional": true,
      "os": [
        "linux"
      ],
      "engines": {
        "node": ">=12"
      }
    },
    "node_modules/@esbuild/netbsd-x64": {
      "version": "0.16.1",
      "resolved": "https://registry.npmjs.org/@esbuild/netbsd-x64/-/netbsd-x64-0.16.1.tgz",
      "integrity": "sha512-OkDgqg+drkSEvNOAEPUQrv3g7OlE0hMsLe7on5+GePZvjgQepQ7fQ8T6RGj2nEMGa5Am2Q3jWEVx5lq6bsFpRw==",
      "cpu": [
        "x64"
      ],
      "dev": true,
      "optional": true,
      "os": [
        "netbsd"
      ],
      "engines": {
        "node": ">=12"
      }
    },
    "node_modules/@esbuild/openbsd-x64": {
      "version": "0.16.1",
      "resolved": "https://registry.npmjs.org/@esbuild/openbsd-x64/-/openbsd-x64-0.16.1.tgz",
      "integrity": "sha512-YqC0KN4nJoDSIaBVkUYa1FvreYFKu6wOoWGl+lYmcRzw6pj5f96+WSE7+vRiucKpDd52P1CYlnO9yGzSo9eXSw==",
      "cpu": [
        "x64"
      ],
      "dev": true,
      "optional": true,
      "os": [
        "openbsd"
      ],
      "engines": {
        "node": ">=12"
      }
    },
    "node_modules/@esbuild/sunos-x64": {
      "version": "0.16.1",
      "resolved": "https://registry.npmjs.org/@esbuild/sunos-x64/-/sunos-x64-0.16.1.tgz",
      "integrity": "sha512-KgfRBLjr6W9iyLLAOU58lSJ7/6W7H+KoDV27CGpEv0R5xR2LYMAE2SQ2sE0r2CP1rDa/huu/Uj1RvcVZ5nptqg==",
      "cpu": [
        "x64"
      ],
      "dev": true,
      "optional": true,
      "os": [
        "sunos"
      ],
      "engines": {
        "node": ">=12"
      }
    },
    "node_modules/@esbuild/win32-arm64": {
      "version": "0.16.1",
      "resolved": "https://registry.npmjs.org/@esbuild/win32-arm64/-/win32-arm64-0.16.1.tgz",
      "integrity": "sha512-UuKMH583a6epN+L6VxbXwYQ/RISJsz8NN05QlV2l0LY8aV79Wty23BkBz0WF5kOK22eXNavgb2sgcZer6Qg+KA==",
      "cpu": [
        "arm64"
      ],
      "dev": true,
      "optional": true,
      "os": [
        "win32"
      ],
      "engines": {
        "node": ">=12"
      }
    },
    "node_modules/@esbuild/win32-ia32": {
      "version": "0.16.1",
      "resolved": "https://registry.npmjs.org/@esbuild/win32-ia32/-/win32-ia32-0.16.1.tgz",
      "integrity": "sha512-tnno7oPwPfZAyxRguqTi6ehf/s/x8xq1QtB8TLAfSP3DfIaO1U3gHAf5I/AMVlZPMzwtDUvURRfJK/a72cHyZg==",
      "cpu": [
        "ia32"
      ],
      "dev": true,
      "optional": true,
      "os": [
        "win32"
      ],
      "engines": {
        "node": ">=12"
      }
    },
    "node_modules/@esbuild/win32-x64": {
      "version": "0.16.1",
      "resolved": "https://registry.npmjs.org/@esbuild/win32-x64/-/win32-x64-0.16.1.tgz",
      "integrity": "sha512-vxkjnTk2nCxx3eIolisfjvIN0eZj8vp27iF/fh3vQ7GXkEdK/VzbolT8Nl5YsEddrXc5RRJbHulHM0pGuY+VgQ==",
      "cpu": [
        "x64"
      ],
      "dev": true,
      "optional": true,
      "os": [
        "win32"
      ],
      "engines": {
        "node": ">=12"
      }
    },
    "node_modules/@remix-run/router": {
      "version": "1.2.0",
      "resolved": "https://registry.npmjs.org/@remix-run/router/-/router-1.2.0.tgz",
      "integrity": "sha512-GO82KYYTWPRCgdNtnheaZG3LcViUlxRFlHM7ykh7N+ufoXi6PVIHoP+9RUG/vuzl2hr9i/h6EA1Eq+2HpqJ0gQ==",
      "engines": {
        "node": ">=14"
      }
    },
    "node_modules/@types/prop-types": {
      "version": "15.7.5",
      "resolved": "https://registry.npmjs.org/@types/prop-types/-/prop-types-15.7.5.tgz",
      "integrity": "sha512-JCB8C6SnDoQf0cNycqd/35A7MjcnK+ZTqE7judS6o7utxUCg6imJg3QK2qzHKszlTjcj2cn+NwMB2i96ubpj7w=="
    },
    "node_modules/@types/react": {
      "version": "18.0.13",
      "resolved": "https://registry.npmjs.org/@types/react/-/react-18.0.13.tgz",
      "integrity": "sha512-psqptIYQxGUFuGYwP3KCFVtPTkMpIcrqFmtKblWEUQhLuYLpHBwJkXhjp6eHfDM5IbyskY4x7qQpLedEsPkHlA==",
      "dependencies": {
        "@types/prop-types": "*",
        "@types/scheduler": "*",
        "csstype": "^3.0.2"
      }
    },
    "node_modules/@types/react-dom": {
      "version": "18.0.5",
      "resolved": "https://registry.npmjs.org/@types/react-dom/-/react-dom-18.0.5.tgz",
      "integrity": "sha512-OWPWTUrY/NIrjsAPkAk1wW9LZeIjSvkXRhclsFO8CZcZGCOg2G0YZy4ft+rOyYxy8B7ui5iZzi9OkDebZ7/QSA==",
      "dev": true,
      "dependencies": {
        "@types/react": "*"
      }
    },
    "node_modules/@types/scheduler": {
      "version": "0.16.2",
      "resolved": "https://registry.npmjs.org/@types/scheduler/-/scheduler-0.16.2.tgz",
      "integrity": "sha512-hppQEBDmlwhFAXKJX2KnWLYu5yMfi91yazPb2l+lbJiwW+wdo1gNeRA+3RgNSO39WYX2euey41KEwnqesU2Jew=="
    },
    "node_modules/@types/uuid": {
      "version": "9.0.0",
      "resolved": "https://registry.npmjs.org/@types/uuid/-/uuid-9.0.0.tgz",
      "integrity": "sha512-kr90f+ERiQtKWMz5rP32ltJ/BtULDI5RVO0uavn1HQUOwjx0R1h0rnDYNL0CepF1zL5bSY6FISAfd9tOdDhU5Q==",
      "dev": true
    },
    "node_modules/csstype": {
      "version": "3.1.0",
      "resolved": "https://registry.npmjs.org/csstype/-/csstype-3.1.0.tgz",
      "integrity": "sha512-uX1KG+x9h5hIJsaKR9xHUeUraxf8IODOwq9JLNPq6BwB04a/xgpq3rcx47l5BZu5zBPlgD342tdke3Hom/nJRA=="
    },
    "node_modules/date-fns": {
      "version": "2.29.2",
      "resolved": "https://registry.npmjs.org/date-fns/-/date-fns-2.29.2.tgz",
      "integrity": "sha512-0VNbwmWJDS/G3ySwFSJA3ayhbURMTJLtwM2DTxf9CWondCnh6DTNlO9JgRSq6ibf4eD0lfMJNBxUdEAHHix+bA==",
      "engines": {
        "node": ">=0.11"
      },
      "funding": {
        "type": "opencollective",
        "url": "https://opencollective.com/date-fns"
      }
    },
    "node_modules/dexie": {
      "version": "3.2.2",
      "resolved": "https://registry.npmjs.org/dexie/-/dexie-3.2.2.tgz",
      "integrity": "sha512-q5dC3HPmir2DERlX+toCBbHQXW5MsyrFqPFcovkH9N2S/UW/H3H5AWAB6iEOExeraAu+j+zRDG+zg/D7YhH0qg==",
      "engines": {
        "node": ">=6.0"
      }
    },
    "node_modules/dexie-react-hooks": {
      "version": "1.1.1",
      "resolved": "https://registry.npmjs.org/dexie-react-hooks/-/dexie-react-hooks-1.1.1.tgz",
      "integrity": "sha512-Cam5JP6PxHN564RvWEoe8cqLhosW0O4CAZ9XEVYeGHJBa6KEJlOpd9CUpV3kmU9dm2MrW97/lk7qkf1xpij7gA==",
      "peerDependencies": {
        "@types/react": ">=16",
        "dexie": ">=3.1.0-alpha.1 <5.0.0",
        "react": ">=16"
      }
    },
    "node_modules/esbuild": {
      "version": "0.16.1",
      "resolved": "https://registry.npmjs.org/esbuild/-/esbuild-0.16.1.tgz",
      "integrity": "sha512-XbnT9SXFcijZ9GYsay7z69rzSWKlW+Ze7+ULEecEkVAkDyzfA6DLbqGp//6F4hUh3FOydco8xQEejE6LxI1kyQ==",
      "dev": true,
      "hasInstallScript": true,
      "bin": {
        "esbuild": "bin/esbuild"
      },
      "engines": {
        "node": ">=12"
      },
      "optionalDependencies": {
        "@esbuild/android-arm": "0.16.1",
        "@esbuild/android-arm64": "0.16.1",
        "@esbuild/android-x64": "0.16.1",
        "@esbuild/darwin-arm64": "0.16.1",
        "@esbuild/darwin-x64": "0.16.1",
        "@esbuild/freebsd-arm64": "0.16.1",
        "@esbuild/freebsd-x64": "0.16.1",
        "@esbuild/linux-arm": "0.16.1",
        "@esbuild/linux-arm64": "0.16.1",
        "@esbuild/linux-ia32": "0.16.1",
        "@esbuild/linux-loong64": "0.16.1",
        "@esbuild/linux-mips64el": "0.16.1",
        "@esbuild/linux-ppc64": "0.16.1",
        "@esbuild/linux-riscv64": "0.16.1",
        "@esbuild/linux-s390x": "0.16.1",
        "@esbuild/linux-x64": "0.16.1",
        "@esbuild/netbsd-x64": "0.16.1",
        "@esbuild/openbsd-x64": "0.16.1",
        "@esbuild/sunos-x64": "0.16.1",
        "@esbuild/win32-arm64": "0.16.1",
        "@esbuild/win32-ia32": "0.16.1",
        "@esbuild/win32-x64": "0.16.1"
      }
    },
    "node_modules/js-tokens": {
      "version": "4.0.0",
      "resolved": "https://registry.npmjs.org/js-tokens/-/js-tokens-4.0.0.tgz",
      "integrity": "sha512-RdJUflcE3cUzKiMqQgsCu06FPu9UdIJO0beYbPhHN4k6apgJtifcoCtT9bcxOpYBtpD2kCM6Sbzg4CausW/PKQ=="
    },
    "node_modules/loose-envify": {
      "version": "1.4.0",
      "resolved": "https://registry.npmjs.org/loose-envify/-/loose-envify-1.4.0.tgz",
      "integrity": "sha512-lyuxPGr/Wfhrlem2CL/UcnUc1zcqKAImBDzukY7Y5F/yQiNdko6+fRLevlw1HgMySw7f611UIY408EtxRSoK3Q==",
      "dependencies": {
        "js-tokens": "^3.0.0 || ^4.0.0"
      },
      "bin": {
        "loose-envify": "cli.js"
      }
    },
    "node_modules/react": {
      "version": "18.2.0",
      "resolved": "https://registry.npmjs.org/react/-/react-18.2.0.tgz",
      "integrity": "sha512-/3IjMdb2L9QbBdWiW5e3P2/npwMBaU9mHCSCUzNln0ZCYbcfTsGbTJrU/kGemdH2IWmB2ioZ+zkxtmq6g09fGQ==",
      "dependencies": {
        "loose-envify": "^1.1.0"
      },
      "engines": {
        "node": ">=0.10.0"
      }
    },
    "node_modules/react-dom": {
      "version": "18.2.0",
      "resolved": "https://registry.npmjs.org/react-dom/-/react-dom-18.2.0.tgz",
      "integrity": "sha512-6IMTriUmvsjHUjNtEDudZfuDQUoWXVxKHhlEGSk81n4YFS+r/Kl99wXiwlVXtPBtJenozv2P+hxDsw9eA7Xo6g==",
      "dependencies": {
        "loose-envify": "^1.1.0",
        "scheduler": "^0.23.0"
      },
      "peerDependencies": {
        "react": "^18.2.0"
      }
    },
    "node_modules/react-router": {
      "version": "6.6.0",
      "resolved": "https://registry.npmjs.org/react-router/-/react-router-6.6.0.tgz",
      "integrity": "sha512-+VPfCIaFbkW7BAiB/2oeprxKAt1KLbl+zXZ10CXOYezKWgBmTKyh8XjI53eLqY5kd7uY+V4rh3UW44FclwUU+Q==",
      "dependencies": {
        "@remix-run/router": "1.2.0"
      },
      "engines": {
        "node": ">=14"
      },
      "peerDependencies": {
        "react": ">=16.8"
      }
    },
    "node_modules/react-router-dom": {
      "version": "6.6.0",
      "resolved": "https://registry.npmjs.org/react-router-dom/-/react-router-dom-6.6.0.tgz",
      "integrity": "sha512-qC4jnvpfCPKVle1mKLD75IvZLcbVJyFMlSn16WY9ZiOed3dgSmqhslCf/u3tmSccWOujkdsT/OwGq12bELmvjg==",
      "dependencies": {
        "@remix-run/router": "1.2.0",
        "react-router": "6.6.0"
      },
      "engines": {
        "node": ">=14"
      },
      "peerDependencies": {
        "react": ">=16.8",
        "react-dom": ">=16.8"
      }
    },
    "node_modules/scheduler": {
      "version": "0.23.0",
      "resolved": "https://registry.npmjs.org/scheduler/-/scheduler-0.23.0.tgz",
      "integrity": "sha512-CtuThmgHNg7zIZWAXi3AsyIzA3n4xx7aNyjwC2VJldO2LMVDhFK+63xGqq6CsJH4rTAt6/M+N4GhZiDYPx9eUw==",
      "dependencies": {
        "loose-envify": "^1.1.0"
      }
    },
    "node_modules/uuid": {
      "version": "9.0.0",
      "resolved": "https://registry.npmjs.org/uuid/-/uuid-9.0.0.tgz",
      "integrity": "sha512-MXcSTerfPa4uqyzStbRoTgt5XIe3x5+42+q1sDuy3R5MDk66URdLMOZe5aPX/SQd+kuYAh0FdP/pO28IkQyTeg==",
      "bin": {
        "uuid": "dist/bin/uuid"
      }
    }
  },
  "dependencies": {
    "@esbuild/android-arm": {
      "version": "0.16.1",
      "resolved": "https://registry.npmjs.org/@esbuild/android-arm/-/android-arm-0.16.1.tgz",
      "integrity": "sha512-zkalq3i2M+l812fhSswRM9FSryXEmoz30bfDlPYOl1ij0hBZd+lU3rRUzHSenU8LpsN/SAgX1d/mwq2dvGO3Qw==",
      "dev": true,
      "optional": true
    },
    "@esbuild/android-arm64": {
      "version": "0.16.1",
      "resolved": "https://registry.npmjs.org/@esbuild/android-arm64/-/android-arm64-0.16.1.tgz",
      "integrity": "sha512-BHOqlxpx2UNDHvn6Ldu2QftJXYtXmsagaECew1RiY27hd/wqCx+pz5ByQpNRPyqv5S9uODqtk69LkXpmPqSqJA==",
      "dev": true,
      "optional": true
    },
    "@esbuild/android-x64": {
      "version": "0.16.1",
      "resolved": "https://registry.npmjs.org/@esbuild/android-x64/-/android-x64-0.16.1.tgz",
      "integrity": "sha512-/xaEo77WGtykr4+VUHZF78xc/pfmtrfpYb6tJjA5sPCsqynXKdM7Z1E7LoqP7NJZbf5KW8Klm64f9CTIm97R9w==",
      "dev": true,
      "optional": true
    },
    "@esbuild/darwin-arm64": {
      "version": "0.16.1",
      "resolved": "https://registry.npmjs.org/@esbuild/darwin-arm64/-/darwin-arm64-0.16.1.tgz",
      "integrity": "sha512-vYWHFDhxF4hmOVs1NkanPtbBb2ZcVAkMJan5iImpaL/FA2SfYIFX8IN/W20e7/2DpDxd7XkrP1i5bQUAsyXjsQ==",
      "dev": true,
      "optional": true
    },
    "@esbuild/darwin-x64": {
      "version": "0.16.1",
      "resolved": "https://registry.npmjs.org/@esbuild/darwin-x64/-/darwin-x64-0.16.1.tgz",
      "integrity": "sha512-UFJ8swS3ZiQgT51ll9P3K+WOiYSc3Dw68kbZqXlmF5zwB7p/nx31jilW6ie+UlKIFRw4X0Z1SejwVC6ZpH7PSQ==",
      "dev": true,
      "optional": true
    },
    "@esbuild/freebsd-arm64": {
      "version": "0.16.1",
      "resolved": "https://registry.npmjs.org/@esbuild/freebsd-arm64/-/freebsd-arm64-0.16.1.tgz",
      "integrity": "sha512-/6kJ0VROu7JYiWMV9EscVHH66HCCDd0Uo3mGjrP6vtscF19f9Prkf3xZJH3AO9OxUOZpfjtZatf9b0OyKVMl6A==",
      "dev": true,
      "optional": true
    },
    "@esbuild/freebsd-x64": {
      "version": "0.16.1",
      "resolved": "https://registry.npmjs.org/@esbuild/freebsd-x64/-/freebsd-x64-0.16.1.tgz",
      "integrity": "sha512-BKYAYhsgD/6/mOeOwMSEcTyL9GlFBNr2LkgWEaugUp/oXCC+ScCH/EqphD3Jp5MsMNIk71b0YqDDveDHXuwcLw==",
      "dev": true,
      "optional": true
    },
    "@esbuild/linux-arm": {
      "version": "0.16.1",
      "resolved": "https://registry.npmjs.org/@esbuild/linux-arm/-/linux-arm-0.16.1.tgz",
      "integrity": "sha512-ZKBI/JEIjcG9YbERCDR1qPBVjr47+BKGp32Iz2cf00001yhF8mGPhVJse69jR3Wb1RU78BijVKhHPvZewsvAKA==",
      "dev": true,
      "optional": true
    },
    "@esbuild/linux-arm64": {
      "version": "0.16.1",
      "resolved": "https://registry.npmjs.org/@esbuild/linux-arm64/-/linux-arm64-0.16.1.tgz",
      "integrity": "sha512-3mRaXF3nVjgPcrJOLr3IdidMLolHi3nMO7UQPYX+asKqn3UVnNqD30vlZvg8r1amJ7o5TOHvPXqgHK33ivyMPg==",
      "dev": true,
      "optional": true
    },
    "@esbuild/linux-ia32": {
      "version": "0.16.1",
      "resolved": "https://registry.npmjs.org/@esbuild/linux-ia32/-/linux-ia32-0.16.1.tgz",
      "integrity": "sha512-rTiIs5ms38XUb5Bn7hbbkR45CS3rz/hC/IfRE8Uccgzo4qRkf3Zd0Re6IUoCP+DvcTzLPz1VLfDO8VyD7UUI0w==",
      "dev": true,
      "optional": true
    },
    "@esbuild/linux-loong64": {
      "version": "0.16.1",
      "resolved": "https://registry.npmjs.org/@esbuild/linux-loong64/-/linux-loong64-0.16.1.tgz",
      "integrity": "sha512-TgUV9ZpMzo9O48AkwJfgx9HJIMnA9kCopAYmjp2y9TPT6Z7Crxrlp2XVkaZ2mxhvrrzVsHlhwfolcj1scXHfKw==",
      "dev": true,
      "optional": true
    },
    "@esbuild/linux-mips64el": {
      "version": "0.16.1",
      "resolved": "https://registry.npmjs.org/@esbuild/linux-mips64el/-/linux-mips64el-0.16.1.tgz",
      "integrity": "sha512-TH6aEzbImbo1iUrdhtRdhgynuuiODx+Ju2DaIq+eUIOLj6Hg47NlcM5hQ3bHVKxflPiGIrGi1DTacrEoQOiOTg==",
      "dev": true,
      "optional": true
    },
    "@esbuild/linux-ppc64": {
      "version": "0.16.1",
      "resolved": "https://registry.npmjs.org/@esbuild/linux-ppc64/-/linux-ppc64-0.16.1.tgz",
      "integrity": "sha512-//BU2o/gfw6clxJCrU8xa0gxElP18HiAzS/pN1HKzL2ayqz8WinOYEzPOZrqJvkC4u2Qoh5NEiVd98wTr2C9eg==",
      "dev": true,
      "optional": true
    },
    "@esbuild/linux-riscv64": {
      "version": "0.16.1",
      "resolved": "https://registry.npmjs.org/@esbuild/linux-riscv64/-/linux-riscv64-0.16.1.tgz",
      "integrity": "sha512-pBrrjLBwmlsMR7iNi+W/q5JtfyzlZ97WUxBztZvsGnWBpnmjjgbdPBlwxYbgQAzqzMAsP45j6CJUpGra3SSFiQ==",
      "dev": true,
      "optional": true
    },
    "@esbuild/linux-s390x": {
      "version": "0.16.1",
      "resolved": "https://registry.npmjs.org/@esbuild/linux-s390x/-/linux-s390x-0.16.1.tgz",
      "integrity": "sha512-e4txkDfouCcByJacawPh9M6qmF9TyzJ+Y6Sj4L+Iu7pRBaAldSqI/pQym26XBcawVlmyYhLA51JXVlQdyj3Rlg==",
      "dev": true,
      "optional": true
    },
    "@esbuild/linux-x64": {
      "version": "0.16.1",
      "resolved": "https://registry.npmjs.org/@esbuild/linux-x64/-/linux-x64-0.16.1.tgz",
      "integrity": "sha512-2kSF6dFTN5HbSgA+htdS69npthoR/FDr8PXc9O6h6RqRN+l7y3u8MlFMu9RSsOOD11FigiBJnzUYcl3QRT9eSA==",
      "dev": true,
      "optional": true
    },
    "@esbuild/netbsd-x64": {
      "version": "0.16.1",
      "resolved": "https://registry.npmjs.org/@esbuild/netbsd-x64/-/netbsd-x64-0.16.1.tgz",
      "integrity": "sha512-OkDgqg+drkSEvNOAEPUQrv3g7OlE0hMsLe7on5+GePZvjgQepQ7fQ8T6RGj2nEMGa5Am2Q3jWEVx5lq6bsFpRw==",
      "dev": true,
      "optional": true
    },
    "@esbuild/openbsd-x64": {
      "version": "0.16.1",
      "resolved": "https://registry.npmjs.org/@esbuild/openbsd-x64/-/openbsd-x64-0.16.1.tgz",
      "integrity": "sha512-YqC0KN4nJoDSIaBVkUYa1FvreYFKu6wOoWGl+lYmcRzw6pj5f96+WSE7+vRiucKpDd52P1CYlnO9yGzSo9eXSw==",
      "dev": true,
      "optional": true
    },
    "@esbuild/sunos-x64": {
      "version": "0.16.1",
      "resolved": "https://registry.npmjs.org/@esbuild/sunos-x64/-/sunos-x64-0.16.1.tgz",
      "integrity": "sha512-KgfRBLjr6W9iyLLAOU58lSJ7/6W7H+KoDV27CGpEv0R5xR2LYMAE2SQ2sE0r2CP1rDa/huu/Uj1RvcVZ5nptqg==",
      "dev": true,
      "optional": true
    },
    "@esbuild/win32-arm64": {
      "version": "0.16.1",
      "resolved": "https://registry.npmjs.org/@esbuild/win32-arm64/-/win32-arm64-0.16.1.tgz",
      "integrity": "sha512-UuKMH583a6epN+L6VxbXwYQ/RISJsz8NN05QlV2l0LY8aV79Wty23BkBz0WF5kOK22eXNavgb2sgcZer6Qg+KA==",
      "dev": true,
      "optional": true
    },
    "@esbuild/win32-ia32": {
      "version": "0.16.1",
      "resolved": "https://registry.npmjs.org/@esbuild/win32-ia32/-/win32-ia32-0.16.1.tgz",
      "integrity": "sha512-tnno7oPwPfZAyxRguqTi6ehf/s/x8xq1QtB8TLAfSP3DfIaO1U3gHAf5I/AMVlZPMzwtDUvURRfJK/a72cHyZg==",
      "dev": true,
      "optional": true
    },
    "@esbuild/win32-x64": {
      "version": "0.16.1",
      "resolved": "https://registry.npmjs.org/@esbuild/win32-x64/-/win32-x64-0.16.1.tgz",
      "integrity": "sha512-vxkjnTk2nCxx3eIolisfjvIN0eZj8vp27iF/fh3vQ7GXkEdK/VzbolT8Nl5YsEddrXc5RRJbHulHM0pGuY+VgQ==",
      "dev": true,
      "optional": true
    },
    "@remix-run/router": {
      "version": "1.2.0",
      "resolved": "https://registry.npmjs.org/@remix-run/router/-/router-1.2.0.tgz",
      "integrity": "sha512-GO82KYYTWPRCgdNtnheaZG3LcViUlxRFlHM7ykh7N+ufoXi6PVIHoP+9RUG/vuzl2hr9i/h6EA1Eq+2HpqJ0gQ=="
    },
    "@types/prop-types": {
      "version": "15.7.5",
      "resolved": "https://registry.npmjs.org/@types/prop-types/-/prop-types-15.7.5.tgz",
      "integrity": "sha512-JCB8C6SnDoQf0cNycqd/35A7MjcnK+ZTqE7judS6o7utxUCg6imJg3QK2qzHKszlTjcj2cn+NwMB2i96ubpj7w=="
    },
    "@types/react": {
      "version": "18.0.13",
      "resolved": "https://registry.npmjs.org/@types/react/-/react-18.0.13.tgz",
      "integrity": "sha512-psqptIYQxGUFuGYwP3KCFVtPTkMpIcrqFmtKblWEUQhLuYLpHBwJkXhjp6eHfDM5IbyskY4x7qQpLedEsPkHlA==",
      "requires": {
        "@types/prop-types": "*",
        "@types/scheduler": "*",
        "csstype": "^3.0.2"
      }
    },
    "@types/react-dom": {
      "version": "18.0.5",
      "resolved": "https://registry.npmjs.org/@types/react-dom/-/react-dom-18.0.5.tgz",
      "integrity": "sha512-OWPWTUrY/NIrjsAPkAk1wW9LZeIjSvkXRhclsFO8CZcZGCOg2G0YZy4ft+rOyYxy8B7ui5iZzi9OkDebZ7/QSA==",
      "dev": true,
      "requires": {
        "@types/react": "*"
      }
    },
    "@types/scheduler": {
      "version": "0.16.2",
      "resolved": "https://registry.npmjs.org/@types/scheduler/-/scheduler-0.16.2.tgz",
      "integrity": "sha512-hppQEBDmlwhFAXKJX2KnWLYu5yMfi91yazPb2l+lbJiwW+wdo1gNeRA+3RgNSO39WYX2euey41KEwnqesU2Jew=="
    },
    "@types/uuid": {
      "version": "9.0.0",
      "resolved": "https://registry.npmjs.org/@types/uuid/-/uuid-9.0.0.tgz",
      "integrity": "sha512-kr90f+ERiQtKWMz5rP32ltJ/BtULDI5RVO0uavn1HQUOwjx0R1h0rnDYNL0CepF1zL5bSY6FISAfd9tOdDhU5Q==",
      "dev": true
    },
    "csstype": {
      "version": "3.1.0",
      "resolved": "https://registry.npmjs.org/csstype/-/csstype-3.1.0.tgz",
      "integrity": "sha512-uX1KG+x9h5hIJsaKR9xHUeUraxf8IODOwq9JLNPq6BwB04a/xgpq3rcx47l5BZu5zBPlgD342tdke3Hom/nJRA=="
    },
    "date-fns": {
      "version": "2.29.2",
      "resolved": "https://registry.npmjs.org/date-fns/-/date-fns-2.29.2.tgz",
      "integrity": "sha512-0VNbwmWJDS/G3ySwFSJA3ayhbURMTJLtwM2DTxf9CWondCnh6DTNlO9JgRSq6ibf4eD0lfMJNBxUdEAHHix+bA=="
    },
    "dexie": {
      "version": "3.2.2",
      "resolved": "https://registry.npmjs.org/dexie/-/dexie-3.2.2.tgz",
      "integrity": "sha512-q5dC3HPmir2DERlX+toCBbHQXW5MsyrFqPFcovkH9N2S/UW/H3H5AWAB6iEOExeraAu+j+zRDG+zg/D7YhH0qg=="
    },
    "dexie-react-hooks": {
      "version": "1.1.1",
      "resolved": "https://registry.npmjs.org/dexie-react-hooks/-/dexie-react-hooks-1.1.1.tgz",
      "integrity": "sha512-Cam5JP6PxHN564RvWEoe8cqLhosW0O4CAZ9XEVYeGHJBa6KEJlOpd9CUpV3kmU9dm2MrW97/lk7qkf1xpij7gA==",
      "requires": {}
    },
    "esbuild": {
      "version": "0.16.1",
      "resolved": "https://registry.npmjs.org/esbuild/-/esbuild-0.16.1.tgz",
      "integrity": "sha512-XbnT9SXFcijZ9GYsay7z69rzSWKlW+Ze7+ULEecEkVAkDyzfA6DLbqGp//6F4hUh3FOydco8xQEejE6LxI1kyQ==",
      "dev": true,
      "requires": {
        "@esbuild/android-arm": "0.16.1",
        "@esbuild/android-arm64": "0.16.1",
        "@esbuild/android-x64": "0.16.1",
        "@esbuild/darwin-arm64": "0.16.1",
        "@esbuild/darwin-x64": "0.16.1",
        "@esbuild/freebsd-arm64": "0.16.1",
        "@esbuild/freebsd-x64": "0.16.1",
        "@esbuild/linux-arm": "0.16.1",
        "@esbuild/linux-arm64": "0.16.1",
        "@esbuild/linux-ia32": "0.16.1",
        "@esbuild/linux-loong64": "0.16.1",
        "@esbuild/linux-mips64el": "0.16.1",
        "@esbuild/linux-ppc64": "0.16.1",
        "@esbuild/linux-riscv64": "0.16.1",
        "@esbuild/linux-s390x": "0.16.1",
        "@esbuild/linux-x64": "0.16.1",
        "@esbuild/netbsd-x64": "0.16.1",
        "@esbuild/openbsd-x64": "0.16.1",
        "@esbuild/sunos-x64": "0.16.1",
        "@esbuild/win32-arm64": "0.16.1",
        "@esbuild/win32-ia32": "0.16.1",
        "@esbuild/win32-x64": "0.16.1"
      }
    },
    "js-tokens": {
      "version": "4.0.0",
      "resolved": "https://registry.npmjs.org/js-tokens/-/js-tokens-4.0.0.tgz",
      "integrity": "sha512-RdJUflcE3cUzKiMqQgsCu06FPu9UdIJO0beYbPhHN4k6apgJtifcoCtT9bcxOpYBtpD2kCM6Sbzg4CausW/PKQ=="
    },
    "loose-envify": {
      "version": "1.4.0",
      "resolved": "https://registry.npmjs.org/loose-envify/-/loose-envify-1.4.0.tgz",
      "integrity": "sha512-lyuxPGr/Wfhrlem2CL/UcnUc1zcqKAImBDzukY7Y5F/yQiNdko6+fRLevlw1HgMySw7f611UIY408EtxRSoK3Q==",
      "requires": {
        "js-tokens": "^3.0.0 || ^4.0.0"
      }
    },
    "react": {
      "version": "18.2.0",
      "resolved": "https://registry.npmjs.org/react/-/react-18.2.0.tgz",
      "integrity": "sha512-/3IjMdb2L9QbBdWiW5e3P2/npwMBaU9mHCSCUzNln0ZCYbcfTsGbTJrU/kGemdH2IWmB2ioZ+zkxtmq6g09fGQ==",
      "requires": {
        "loose-envify": "^1.1.0"
      }
    },
    "react-dom": {
      "version": "18.2.0",
      "resolved": "https://registry.npmjs.org/react-dom/-/react-dom-18.2.0.tgz",
      "integrity": "sha512-6IMTriUmvsjHUjNtEDudZfuDQUoWXVxKHhlEGSk81n4YFS+r/Kl99wXiwlVXtPBtJenozv2P+hxDsw9eA7Xo6g==",
      "requires": {
        "loose-envify": "^1.1.0",
        "scheduler": "^0.23.0"
      }
    },
    "react-router": {
      "version": "6.6.0",
      "resolved": "https://registry.npmjs.org/react-router/-/react-router-6.6.0.tgz",
      "integrity": "sha512-+VPfCIaFbkW7BAiB/2oeprxKAt1KLbl+zXZ10CXOYezKWgBmTKyh8XjI53eLqY5kd7uY+V4rh3UW44FclwUU+Q==",
      "requires": {
        "@remix-run/router": "1.2.0"
      }
    },
    "react-router-dom": {
      "version": "6.6.0",
      "resolved": "https://registry.npmjs.org/react-router-dom/-/react-router-dom-6.6.0.tgz",
      "integrity": "sha512-qC4jnvpfCPKVle1mKLD75IvZLcbVJyFMlSn16WY9ZiOed3dgSmqhslCf/u3tmSccWOujkdsT/OwGq12bELmvjg==",
      "requires": {
        "@remix-run/router": "1.2.0",
        "react-router": "6.6.0"
      }
    },
    "scheduler": {
      "version": "0.23.0",
      "resolved": "https://registry.npmjs.org/scheduler/-/scheduler-0.23.0.tgz",
      "integrity": "sha512-CtuThmgHNg7zIZWAXi3AsyIzA3n4xx7aNyjwC2VJldO2LMVDhFK+63xGqq6CsJH4rTAt6/M+N4GhZiDYPx9eUw==",
      "requires": {
        "loose-envify": "^1.1.0"
      }
    },
    "uuid": {
      "version": "9.0.0",
      "resolved": "https://registry.npmjs.org/uuid/-/uuid-9.0.0.tgz",
      "integrity": "sha512-MXcSTerfPa4uqyzStbRoTgt5XIe3x5+42+q1sDuy3R5MDk66URdLMOZe5aPX/SQd+kuYAh0FdP/pO28IkQyTeg=="
    }
  }
}
